// !$*UTF8*$!
{
	archiveVersion = 1;
	classes = {
	};
	objectVersion = 55;
	objects = {

/* Begin PBXBuildFile section */
		3658E80727BB38A600964D54 /* main.cpp in Sources */ = {isa = PBXBuildFile; fileRef = 3658E80627BB38A600964D54 /* main.cpp */; };
		3658E80F27BB38C000964D54 /* exec.cpp in Sources */ = {isa = PBXBuildFile; fileRef = 3658E80D27BB38C000964D54 /* exec.cpp */; };
		3658E81227BB38F200964D54 /* test_msdscript.cpp in Sources */ = {isa = PBXBuildFile; fileRef = 3658E81027BB38F100964D54 /* test_msdscript.cpp */; };
		3658E81527BB837600964D54 /* test_Cmdline.cpp in Sources */ = {isa = PBXBuildFile; fileRef = 3658E81327BB837600964D54 /* test_Cmdline.cpp */; };
/* End PBXBuildFile section */

/* Begin PBXCopyFilesBuildPhase section */
		3658E80127BB38A600964D54 /* CopyFiles */ = {
			isa = PBXCopyFilesBuildPhase;
			buildActionMask = 2147483647;
			dstPath = /usr/share/man/man1/;
			dstSubfolderSpec = 0;
			files = (
			);
			runOnlyForDeploymentPostprocessing = 1;
		};
/* End PBXCopyFilesBuildPhase section */

/* Begin PBXFileReference section */
		3658E80327BB38A600964D54 /* testMsdscript */ = {isa = PBXFileReference; explicitFileType = "compiled.mach-o.executable"; includeInIndex = 0; path = testMsdscript; sourceTree = BUILT_PRODUCTS_DIR; };
		3658E80627BB38A600964D54 /* main.cpp */ = {isa = PBXFileReference; lastKnownFileType = sourcecode.cpp.cpp; path = main.cpp; sourceTree = "<group>"; };
		3658E80D27BB38C000964D54 /* exec.cpp */ = {isa = PBXFileReference; fileEncoding = 4; lastKnownFileType = sourcecode.cpp.cpp; path = exec.cpp; sourceTree = "<group>"; };
		3658E80E27BB38C000964D54 /* exec.h */ = {isa = PBXFileReference; fileEncoding = 4; lastKnownFileType = sourcecode.c.h; path = exec.h; sourceTree = "<group>"; };
		3658E81027BB38F100964D54 /* test_msdscript.cpp */ = {isa = PBXFileReference; lastKnownFileType = sourcecode.cpp.cpp; path = test_msdscript.cpp; sourceTree = "<group>"; };
		3658E81127BB38F100964D54 /* test_msdscript.hpp */ = {isa = PBXFileReference; lastKnownFileType = sourcecode.cpp.h; path = test_msdscript.hpp; sourceTree = "<group>"; };
		3658E81327BB837600964D54 /* test_Cmdline.cpp */ = {isa = PBXFileReference; lastKnownFileType = sourcecode.cpp.cpp; path = test_Cmdline.cpp; sourceTree = "<group>"; };
		3658E81427BB837600964D54 /* test_Cmdline.hpp */ = {isa = PBXFileReference; lastKnownFileType = sourcecode.cpp.h; path = test_Cmdline.hpp; sourceTree = "<group>"; };
/* End PBXFileReference section */

/* Begin PBXFrameworksBuildPhase section */
		3658E80027BB38A600964D54 /* Frameworks */ = {
			isa = PBXFrameworksBuildPhase;
			buildActionMask = 2147483647;
			files = (
			);
			runOnlyForDeploymentPostprocessing = 0;
		};
/* End PBXFrameworksBuildPhase section */

/* Begin PBXGroup section */
		3658E7FA27BB38A600964D54 = {
			isa = PBXGroup;
			children = (
				3658E80527BB38A600964D54 /* testMsdscript */,
				3658E80427BB38A600964D54 /* Products */,
			);
			sourceTree = "<group>";
		};
		3658E80427BB38A600964D54 /* Products */ = {
			isa = PBXGroup;
			children = (
				3658E80327BB38A600964D54 /* testMsdscript */,
			);
			name = Products;
			sourceTree = "<group>";
		};
		3658E80527BB38A600964D54 /* testMsdscript */ = {
			isa = PBXGroup;
			children = (
				3658E80627BB38A600964D54 /* main.cpp */,
				3658E80D27BB38C000964D54 /* exec.cpp */,
				3658E80E27BB38C000964D54 /* exec.h */,
				3658E81027BB38F100964D54 /* test_msdscript.cpp */,
				3658E81127BB38F100964D54 /* test_msdscript.hpp */,
				3658E81327BB837600964D54 /* test_Cmdline.cpp */,
				3658E81427BB837600964D54 /* test_Cmdline.hpp */,
			);
			path = testMsdscript;
			sourceTree = "<group>";
		};
/* End PBXGroup section */

/* Begin PBXNativeTarget section */
		3658E80227BB38A600964D54 /* testMsdscript */ = {
			isa = PBXNativeTarget;
			buildConfigurationList = 3658E80A27BB38A600964D54 /* Build configuration list for PBXNativeTarget "testMsdscript" */;
			buildPhases = (
				3658E7FF27BB38A600964D54 /* Sources */,
				3658E80027BB38A600964D54 /* Frameworks */,
				3658E80127BB38A600964D54 /* CopyFiles */,
			);
			buildRules = (
			);
			dependencies = (
			);
			name = testMsdscript;
			productName = testMsdscript;
			productReference = 3658E80327BB38A600964D54 /* testMsdscript */;
			productType = "com.apple.product-type.tool";
		};
/* End PBXNativeTarget section */

/* Begin PBXProject section */
		3658E7FB27BB38A600964D54 /* Project object */ = {
			isa = PBXProject;
			attributes = {
				BuildIndependentTargetsInParallel = 1;
				LastUpgradeCheck = 1320;
				TargetAttributes = {
					3658E80227BB38A600964D54 = {
						CreatedOnToolsVersion = 13.2.1;
					};
				};
			};
			buildConfigurationList = 3658E7FE27BB38A600964D54 /* Build configuration list for PBXProject "testMsdscript" */;
			compatibilityVersion = "Xcode 13.0";
			developmentRegion = en;
			hasScannedForEncodings = 0;
			knownRegions = (
				en,
				Base,
			);
			mainGroup = 3658E7FA27BB38A600964D54;
			productRefGroup = 3658E80427BB38A600964D54 /* Products */;
			projectDirPath = "";
			projectRoot = "";
			targets = (
				3658E80227BB38A600964D54 /* testMsdscript */,
			);
		};
/* End PBXProject section */

/* Begin PBXSourcesBuildPhase section */
		3658E7FF27BB38A600964D54 /* Sources */ = {
			isa = PBXSourcesBuildPhase;
			buildActionMask = 2147483647;
			files = (
				3658E81527BB837600964D54 /* test_Cmdline.cpp in Sources */,
				3658E80F27BB38C000964D54 /* exec.cpp in Sources */,
				3658E81227BB38F200964D54 /* test_msdscript.cpp in Sources */,
				3658E80727BB38A600964D54 /* main.cpp in Sources */,
			);
			runOnlyForDeploymentPostprocessing = 0;
		};
/* End PBXSourcesBuildPhase section */

/* Begin XCBuildConfiguration section */
		3658E80827BB38A600964D54 /* Debug */ = {
			isa = XCBuildConfiguration;
			buildSettings = {
				ALWAYS_SEARCH_USER_PATHS = NO;
				CLANG_ANALYZER_NONNULL = YES;
				CLANG_ANALYZER_NUMBER_OBJECT_CONVERSION = YES_AGGRESSIVE;
				CLANG_CXX_LANGUAGE_STANDARD = "gnu++17";
				CLANG_CXX_LIBRARY = "libc++";
				CLANG_ENABLE_MODULES = YES;
				CLANG_ENABLE_OBJC_ARC = YES;
				CLANG_ENABLE_OBJC_WEAK = YES;
				CLANG_WARN_BLOCK_CAPTURE_AUTORELEASING = YES;
				CLANG_WARN_BOOL_CONVERSION = YES;
				CLANG_WARN_COMMA = YES;
				CLANG_WARN_CONSTANT_CONVERSION = YES;
				CLANG_WARN_DEPRECATED_OBJC_IMPLEMENTATIONS = YES;
				CLANG_WARN_DIRECT_OBJC_ISA_USAGE = YES_ERROR;
				CLANG_WARN_DOCUMENTATION_COMMENTS = YES;
				CLANG_WARN_EMPTY_BODY = YES;
				CLANG_WARN_ENUM_CONVERSION = YES;
				CLANG_WARN_INFINITE_RECURSION = YES;
				CLANG_WARN_INT_CONVERSION = YES;
				CLANG_WARN_NON_LITERAL_NULL_CONVERSION = YES;
				CLANG_WARN_OBJC_IMPLICIT_RETAIN_SELF = YES;
				CLANG_WARN_OBJC_LITERAL_CONVERSION = YES;
				CLANG_WARN_OBJC_ROOT_CLASS = YES_ERROR;
				CLANG_WARN_QUOTED_INCLUDE_IN_FRAMEWORK_HEADER = YES;
				CLANG_WARN_RANGE_LOOP_ANALYSIS = YES;
				CLANG_WARN_STRICT_PROTOTYPES = YES;
				CLANG_WARN_SUSPICIOUS_MOVE = YES;
				CLANG_WARN_UNGUARDED_AVAILABILITY = YES_AGGRESSIVE;
				CLANG_WARN_UNREACHABLE_CODE = YES;
				CLANG_WARN__DUPLICATE_METHOD_MATCH = YES;
				COPY_PHASE_STRIP = NO;
				DEBUG_INFORMATION_FORMAT = dwarf;
				ENABLE_STRICT_OBJC_MSGSEND = YES;
				ENABLE_TESTABILITY = YES;
				GCC_C_LANGUAGE_STANDARD = gnu11;
				GCC_DYNAMIC_NO_PIC = NO;
				GCC_NO_COMMON_BLOCKS = YES;
				GCC_OPTIMIZATION_LEVEL = 0;
				GCC_PREPROCESSOR_DEFINITIONS = (
					"DEBUG=1",
					"$(inherited)",
				);
				GCC_WARN_64_TO_32_BIT_CONVERSION = YES;
				GCC_WARN_ABOUT_RETURN_TYPE = YES_ERROR;
				GCC_WARN_UNDECLARED_SELECTOR = YES;
				GCC_WARN_UNINITIALIZED_AUTOS = YES_AGGRESSIVE;
				GCC_WARN_UNUSED_FUNCTION = YES;
				GCC_WARN_UNUSED_VARIABLE = YES;
				MACOSX_DEPLOYMENT_TARGET = 12.1;
				MTL_ENABLE_DEBUG_INFO = INCLUDE_SOURCE;
				MTL_FAST_MATH = YES;
				ONLY_ACTIVE_ARCH = YES;
				SDKROOT = macosx;
			};
			name = Debug;
		};
		3658E80927BB38A600964D54 /* Release */ = {
			isa = XCBuildConfiguration;
			buildSettings = {
				ALWAYS_SEARCH_USER_PATHS = NO;
				CLANG_ANALYZER_NONNULL = YES;
				CLANG_ANALYZER_NUMBER_OBJECT_CONVERSION = YES_AGGRESSIVE;
				CLANG_CXX_LANGUAGE_STANDARD = "gnu++17";
				CLANG_CXX_LIBRARY = "libc++";
				CLANG_ENABLE_MODULES = YES;
				CLANG_ENABLE_OBJC_ARC = YES;
				CLANG_ENABLE_OBJC_WEAK = YES;
				CLANG_WARN_BLOCK_CAPTURE_AUTORELEASING = YES;
				CLANG_WARN_BOOL_CONVERSION = YES;
				CLANG_WARN_COMMA = YES;
				CLANG_WARN_CONSTANT_CONVERSION = YES;
				CLANG_WARN_DEPRECATED_OBJC_IMPLEMENTATIONS = YES;
				CLANG_WARN_DIRECT_OBJC_ISA_USAGE = YES_ERROR;
				CLANG_WARN_DOCUMENTATION_COMMENTS = YES;
				CLANG_WARN_EMPTY_BODY = YES;
				CLANG_WARN_ENUM_CONVERSION = YES;
				CLANG_WARN_INFINITE_RECURSION = YES;
				CLANG_WARN_INT_CONVERSION = YES;
				CLANG_WARN_NON_LITERAL_NULL_CONVERSION = YES;
				CLANG_WARN_OBJC_IMPLICIT_RETAIN_SELF = YES;
				CLANG_WARN_OBJC_LITERAL_CONVERSION = YES;
				CLANG_WARN_OBJC_ROOT_CLASS = YES_ERROR;
				CLANG_WARN_QUOTED_INCLUDE_IN_FRAMEWORK_HEADER = YES;
				CLANG_WARN_RANGE_LOOP_ANALYSIS = YES;
				CLANG_WARN_STRICT_PROTOTYPES = YES;
				CLANG_WARN_SUSPICIOUS_MOVE = YES;
				CLANG_WARN_UNGUARDED_AVAILABILITY = YES_AGGRESSIVE;
				CLANG_WARN_UNREACHABLE_CODE = YES;
				CLANG_WARN__DUPLICATE_METHOD_MATCH = YES;
				COPY_PHASE_STRIP = NO;
				DEBUG_INFORMATION_FORMAT = "dwarf-with-dsym";
				ENABLE_NS_ASSERTIONS = NO;
				ENABLE_STRICT_OBJC_MSGSEND = YES;
				GCC_C_LANGUAGE_STANDARD = gnu11;
				GCC_NO_COMMON_BLOCKS = YES;
				GCC_WARN_64_TO_32_BIT_CONVERSION = YES;
				GCC_WARN_ABOUT_RETURN_TYPE = YES_ERROR;
				GCC_WARN_UNDECLARED_SELECTOR = YES;
				GCC_WARN_UNINITIALIZED_AUTOS = YES_AGGRESSIVE;
				GCC_WARN_UNUSED_FUNCTION = YES;
				GCC_WARN_UNUSED_VARIABLE = YES;
				MACOSX_DEPLOYMENT_TARGET = 12.1;
				MTL_ENABLE_DEBUG_INFO = NO;
				MTL_FAST_MATH = YES;
				SDKROOT = macosx;
			};
			name = Release;
		};
		3658E80B27BB38A600964D54 /* Debug */ = {
			isa = XCBuildConfiguration;
			buildSettings = {
				CODE_SIGN_STYLE = Automatic;
				PRODUCT_NAME = "$(TARGET_NAME)";
			};
			name = Debug;
		};
		3658E80C27BB38A600964D54 /* Release */ = {
			isa = XCBuildConfiguration;
			buildSettings = {
				CODE_SIGN_STYLE = Automatic;
				PRODUCT_NAME = "$(TARGET_NAME)";
			};
			name = Release;
		};
/* End XCBuildConfiguration section */

/* Begin XCConfigurationList section */
		3658E7FE27BB38A600964D54 /* Build configuration list for PBXProject "testMsdscript" */ = {
			isa = XCConfigurationList;
			buildConfigurations = (
				3658E80827BB38A600964D54 /* Debug */,
				3658E80927BB38A600964D54 /* Release */,
			);
			defaultConfigurationIsVisible = 0;
			defaultConfigurationName = Release;
		};
		3658E80A27BB38A600964D54 /* Build configuration list for PBXNativeTarget "testMsdscript" */ = {
			isa = XCConfigurationList;
			buildConfigurations = (
				3658E80B27BB38A600964D54 /* Debug */,
				3658E80C27BB38A600964D54 /* Release */,
			);
			defaultConfigurationIsVisible = 0;
			defaultConfigurationName = Release;
		};
/* End XCConfigurationList section */
	};
	rootObject = 3658E7FB27BB38A600964D54 /* Project object */;
}
